dependencies:
- name: prometheus
  repository: https://kubernetes-charts.storage.googleapis.com
  version: 7.3.4
- name: grafana
  repository: https://kubernetes-charts.storage.googleapis.com
  version: 1.17.4
- name: nginx-ingress
  repository: https://kubernetes-charts.storage.googleapis.com
  version: 0.29.2
- name: chaoskube
  repository: https://kubernetes-charts.storage.googleapis.com
  version: 0.10.0
- name: fluentd-elasticsearch
  repository: https://kubernetes-charts.storage.googleapis.com
  version: 1.1.0
- name: fluentd-elasticsearch
  repository: https://kubernetes-charts.storage.googleapis.com
  version: 1.1.0
digest: sha256:8ed3e913b6764dedd0c19ccc4c874e33710dc11ceb93ce7cda56b283121ebc81
generated: 2018-11-15T21:49:47.428536069+11:00
