dependencies:
- name: prometheus
  repository: https://kubernetes-charts.storage.googleapis.com
  version: 7.3.4
- name: grafana
  repository: https://kubernetes-charts.storage.googleapis.com
  version: 1.17.4
- name: nginx-ingress
  repository: https://kubernetes-charts.storage.googleapis.com
  version: 0.29.2
- name: chaoskube
  repository: https://kubernetes-charts.storage.googleapis.com
  version: 0.10.0
- name: fluentd-elasticsearch
  repository: https://kubernetes-charts.storage.googleapis.com
  version: 1.1.0
- name: elasticsearch
  repository: https://kubernetes-charts.storage.googleapis.com
  version: 1.13.3
- name: kibana
  repository: https://kubernetes-charts.storage.googleapis.com
  version: 0.18.0
- name: seq
  repository: https://kubernetes-charts.storage.googleapis.com
  version: 0.1.1
digest: sha256:f3abb674f3170e5c1b5d6688790e0db4c7fca7483594e1766a9502594aed6277
generated: 2018-11-15T23:37:04.772052647+11:00
