
Microsoft Visual Studio Solution File, Format Version 12.00
# Visual Studio 15
VisualStudioVersion = 15.0.28307.271
MinimumVisualStudioVersion = 10.0.40219.1
Project("{FAE04EC0-301F-11D3-BF4B-00C04F79EFBC}") = "ApiLog", "ApiLog\ApiLog.csproj", "{068E68C4-A6E5-4B08-AD97-7DF03BC625FB}"
EndProject
Global
	GlobalSection(SolutionConfigurationPlatforms) = preSolution
		Debug|Any CPU = Debug|Any CPU
		Release|Any CPU = Release|Any CPU
	EndGlobalSection
	GlobalSection(ProjectConfigurationPlatforms) = postSolution
		{068E68C4-A6E5-4B08-AD97-7DF03BC625FB}.Debug|Any CPU.ActiveCfg = Debug|Any CPU
		{068E68C4-A6E5-4B08-AD97-7DF03BC625FB}.Debug|Any CPU.Build.0 = Debug|Any CPU
		{068E68C4-A6E5-4B08-AD97-7DF03BC625FB}.Release|Any CPU.ActiveCfg = Release|Any CPU
		{068E68C4-A6E5-4B08-AD97-7DF03BC625FB}.Release|Any CPU.Build.0 = Release|Any CPU
	EndGlobalSection
	GlobalSection(SolutionProperties) = preSolution
		HideSolutionNode = FALSE
	EndGlobalSection
	GlobalSection(ExtensibilityGlobals) = postSolution
		SolutionGuid = {413EE27D-92CE-4BC2-B162-91DFF929266F}
	EndGlobalSection
EndGlobal
